
Microsoft Visual Studio Solution File, Format Version 12.00
# Visual Studio Version 17
VisualStudioVersion = 17.4.33213.308
MinimumVisualStudioVersion = 10.0.40219.1
Project("{FAE04EC0-301F-11D3-BF4B-00C04F79EFBC}") = "CityApi", "CityApi\CityApi.csproj", "{FB169E3A-97BC-4B7B-BE11-9EED189D6491}"
EndProject
Project("{FAE04EC0-301F-11D3-BF4B-00C04F79EFBC}") = "Services", "Services\Services.csproj", "{84A7265E-1235-4CD7-BB56-BB6604988480}"
EndProject
Project("{FAE04EC0-301F-11D3-BF4B-00C04F79EFBC}") = "Database", "Database\Database.csproj", "{4BB6749F-06E9-4A80-9F1F-8EB2BA4D60AB}"
EndProject
Global
	GlobalSection(SolutionConfigurationPlatforms) = preSolution
		Debug|Any CPU = Debug|Any CPU
		Release|Any CPU = Release|Any CPU
	EndGlobalSection
	GlobalSection(ProjectConfigurationPlatforms) = postSolution
		{FB169E3A-97BC-4B7B-BE11-9EED189D6491}.Debug|Any CPU.ActiveCfg = Debug|Any CPU
		{FB169E3A-97BC-4B7B-BE11-9EED189D6491}.Debug|Any CPU.Build.0 = Debug|Any CPU
		{FB169E3A-97BC-4B7B-BE11-9EED189D6491}.Release|Any CPU.ActiveCfg = Release|Any CPU
		{FB169E3A-97BC-4B7B-BE11-9EED189D6491}.Release|Any CPU.Build.0 = Release|Any CPU
		{84A7265E-1235-4CD7-BB56-BB6604988480}.Debug|Any CPU.ActiveCfg = Debug|Any CPU
		{84A7265E-1235-4CD7-BB56-BB6604988480}.Debug|Any CPU.Build.0 = Debug|Any CPU
		{84A7265E-1235-4CD7-BB56-BB6604988480}.Release|Any CPU.ActiveCfg = Release|Any CPU
		{84A7265E-1235-4CD7-BB56-BB6604988480}.Release|Any CPU.Build.0 = Release|Any CPU
		{4BB6749F-06E9-4A80-9F1F-8EB2BA4D60AB}.Debug|Any CPU.ActiveCfg = Debug|Any CPU
		{4BB6749F-06E9-4A80-9F1F-8EB2BA4D60AB}.Debug|Any CPU.Build.0 = Debug|Any CPU
		{4BB6749F-06E9-4A80-9F1F-8EB2BA4D60AB}.Release|Any CPU.ActiveCfg = Release|Any CPU
		{4BB6749F-06E9-4A80-9F1F-8EB2BA4D60AB}.Release|Any CPU.Build.0 = Release|Any CPU
	EndGlobalSection
	GlobalSection(SolutionProperties) = preSolution
		HideSolutionNode = FALSE
	EndGlobalSection
	GlobalSection(ExtensibilityGlobals) = postSolution
		SolutionGuid = {694509F9-F5A7-4752-950A-D1C41E6DC964}
	EndGlobalSection
EndGlobal
